
Microsoft Visual Studio Solution File, Format Version 12.00
Project("{FAE04EC0-301F-11D3-BF4B-00C04F79EFBC}") = "Novin.Bpmn", "Novin.Bpmn\Novin.Bpmn.csproj", "{84536556-B09D-4C6E-B665-F4ADF9214DE0}"
EndProject
Project("{FAE04EC0-301F-11D3-BF4B-00C04F79EFBC}") = "Novin.Bpmn.Blazor", "Novin.Bpmn.Blazor\Novin.Bpmn.Blazor.csproj", "{4AAC58B8-1266-420E-AF35-36FD43E6694E}"
EndProject
Project("{FAE04EC0-301F-11D3-BF4B-00C04F79EFBC}") = "Novin.Bpmn.Test", "Novin.Bpmn.Test\Novin.Bpmn.Test.csproj", "{1BC08E77-BC74-46A3-A02D-FF8288A6B265}"
EndProject
Project("{2150E333-8FDC-42A3-9474-1A3956D46DE8}") = "Tests", "Tests", "{DA910F59-A1C0-4EC3-B895-1C629F7C3F2B}"
EndProject
Project("{FAE04EC0-301F-11D3-BF4B-00C04F79EFBC}") = "Novin.Bpmn.Dashbaord", "Novin.Bpmn.Dashbaord\Novin.Bpmn.Dashbaord.csproj", "{A924CC7B-A0C1-4B67-8FC8-E9CE99127E03}"
EndProject
Project("{FAE04EC0-301F-11D3-BF4B-00C04F79EFBC}") = "Novin.Bpmn.Models", "Novin.Bpmn.Models\Novin.Bpmn.Models.csproj", "{4EC8EC04-FEA3-4F18-B1D1-CACA1A621065}"
EndProject
Project("{FAE04EC0-301F-11D3-BF4B-00C04F79EFBC}") = "Novin.Bpmn.EventSourcing", "Novin.Bpmn.EventSourcing\Novin.Bpmn.EventSourcing.csproj", "{904FCEF2-CCB7-4191-BA09-62E9432B5AFE}"
EndProject
Project("{FAE04EC0-301F-11D3-BF4B-00C04F79EFBC}") = "Novin.Bpmn.Console", "Novin.Bpmn.Console\Novin.Bpmn.Console.csproj", "{18AE7536-518E-4073-B9C2-075DF2C36384}"
EndProject
Global
	GlobalSection(SolutionConfigurationPlatforms) = preSolution
		Debug|Any CPU = Debug|Any CPU
		Debug|x64 = Debug|x64
		Debug|x86 = Debug|x86
		Release|Any CPU = Release|Any CPU
		Release|x64 = Release|x64
		Release|x86 = Release|x86
	EndGlobalSection
	GlobalSection(ProjectConfigurationPlatforms) = postSolution
		{84536556-B09D-4C6E-B665-F4ADF9214DE0}.Debug|Any CPU.ActiveCfg = Debug|Any CPU
		{84536556-B09D-4C6E-B665-F4ADF9214DE0}.Debug|Any CPU.Build.0 = Debug|Any CPU
		{84536556-B09D-4C6E-B665-F4ADF9214DE0}.Debug|x64.ActiveCfg = Debug|Any CPU
		{84536556-B09D-4C6E-B665-F4ADF9214DE0}.Debug|x64.Build.0 = Debug|Any CPU
		{84536556-B09D-4C6E-B665-F4ADF9214DE0}.Debug|x86.ActiveCfg = Debug|Any CPU
		{84536556-B09D-4C6E-B665-F4ADF9214DE0}.Debug|x86.Build.0 = Debug|Any CPU
		{84536556-B09D-4C6E-B665-F4ADF9214DE0}.Release|Any CPU.ActiveCfg = Release|Any CPU
		{84536556-B09D-4C6E-B665-F4ADF9214DE0}.Release|Any CPU.Build.0 = Release|Any CPU
		{84536556-B09D-4C6E-B665-F4ADF9214DE0}.Release|x64.ActiveCfg = Release|Any CPU
		{84536556-B09D-4C6E-B665-F4ADF9214DE0}.Release|x64.Build.0 = Release|Any CPU
		{84536556-B09D-4C6E-B665-F4ADF9214DE0}.Release|x86.ActiveCfg = Release|Any CPU
		{84536556-B09D-4C6E-B665-F4ADF9214DE0}.Release|x86.Build.0 = Release|Any CPU
		{4AAC58B8-1266-420E-AF35-36FD43E6694E}.Debug|Any CPU.ActiveCfg = Debug|Any CPU
		{4AAC58B8-1266-420E-AF35-36FD43E6694E}.Debug|Any CPU.Build.0 = Debug|Any CPU
		{4AAC58B8-1266-420E-AF35-36FD43E6694E}.Debug|x64.ActiveCfg = Debug|Any CPU
		{4AAC58B8-1266-420E-AF35-36FD43E6694E}.Debug|x64.Build.0 = Debug|Any CPU
		{4AAC58B8-1266-420E-AF35-36FD43E6694E}.Debug|x86.ActiveCfg = Debug|Any CPU
		{4AAC58B8-1266-420E-AF35-36FD43E6694E}.Debug|x86.Build.0 = Debug|Any CPU
		{4AAC58B8-1266-420E-AF35-36FD43E6694E}.Release|Any CPU.ActiveCfg = Release|Any CPU
		{4AAC58B8-1266-420E-AF35-36FD43E6694E}.Release|Any CPU.Build.0 = Release|Any CPU
		{4AAC58B8-1266-420E-AF35-36FD43E6694E}.Release|x64.ActiveCfg = Release|Any CPU
		{4AAC58B8-1266-420E-AF35-36FD43E6694E}.Release|x64.Build.0 = Release|Any CPU
		{4AAC58B8-1266-420E-AF35-36FD43E6694E}.Release|x86.ActiveCfg = Release|Any CPU
		{4AAC58B8-1266-420E-AF35-36FD43E6694E}.Release|x86.Build.0 = Release|Any CPU
		{1BC08E77-BC74-46A3-A02D-FF8288A6B265}.Debug|Any CPU.ActiveCfg = Debug|Any CPU
		{1BC08E77-BC74-46A3-A02D-FF8288A6B265}.Debug|Any CPU.Build.0 = Debug|Any CPU
		{1BC08E77-BC74-46A3-A02D-FF8288A6B265}.Debug|x64.ActiveCfg = Debug|Any CPU
		{1BC08E77-BC74-46A3-A02D-FF8288A6B265}.Debug|x64.Build.0 = Debug|Any CPU
		{1BC08E77-BC74-46A3-A02D-FF8288A6B265}.Debug|x86.ActiveCfg = Debug|Any CPU
		{1BC08E77-BC74-46A3-A02D-FF8288A6B265}.Debug|x86.Build.0 = Debug|Any CPU
		{1BC08E77-BC74-46A3-A02D-FF8288A6B265}.Release|Any CPU.ActiveCfg = Release|Any CPU
		{1BC08E77-BC74-46A3-A02D-FF8288A6B265}.Release|Any CPU.Build.0 = Release|Any CPU
		{1BC08E77-BC74-46A3-A02D-FF8288A6B265}.Release|x64.ActiveCfg = Release|Any CPU
		{1BC08E77-BC74-46A3-A02D-FF8288A6B265}.Release|x64.Build.0 = Release|Any CPU
		{1BC08E77-BC74-46A3-A02D-FF8288A6B265}.Release|x86.ActiveCfg = Release|Any CPU
		{1BC08E77-BC74-46A3-A02D-FF8288A6B265}.Release|x86.Build.0 = Release|Any CPU
		{A924CC7B-A0C1-4B67-8FC8-E9CE99127E03}.Debug|Any CPU.ActiveCfg = Debug|Any CPU
		{A924CC7B-A0C1-4B67-8FC8-E9CE99127E03}.Debug|Any CPU.Build.0 = Debug|Any CPU
		{A924CC7B-A0C1-4B67-8FC8-E9CE99127E03}.Debug|x64.ActiveCfg = Debug|Any CPU
		{A924CC7B-A0C1-4B67-8FC8-E9CE99127E03}.Debug|x64.Build.0 = Debug|Any CPU
		{A924CC7B-A0C1-4B67-8FC8-E9CE99127E03}.Debug|x86.ActiveCfg = Debug|Any CPU
		{A924CC7B-A0C1-4B67-8FC8-E9CE99127E03}.Debug|x86.Build.0 = Debug|Any CPU
		{A924CC7B-A0C1-4B67-8FC8-E9CE99127E03}.Release|Any CPU.ActiveCfg = Release|Any CPU
		{A924CC7B-A0C1-4B67-8FC8-E9CE99127E03}.Release|Any CPU.Build.0 = Release|Any CPU
		{A924CC7B-A0C1-4B67-8FC8-E9CE99127E03}.Release|x64.ActiveCfg = Release|Any CPU
		{A924CC7B-A0C1-4B67-8FC8-E9CE99127E03}.Release|x64.Build.0 = Release|Any CPU
		{A924CC7B-A0C1-4B67-8FC8-E9CE99127E03}.Release|x86.ActiveCfg = Release|Any CPU
		{A924CC7B-A0C1-4B67-8FC8-E9CE99127E03}.Release|x86.Build.0 = Release|Any CPU
		{4EC8EC04-FEA3-4F18-B1D1-CACA1A621065}.Debug|Any CPU.ActiveCfg = Debug|Any CPU
		{4EC8EC04-FEA3-4F18-B1D1-CACA1A621065}.Debug|Any CPU.Build.0 = Debug|Any CPU
		{4EC8EC04-FEA3-4F18-B1D1-CACA1A621065}.Debug|x64.ActiveCfg = Debug|Any CPU
		{4EC8EC04-FEA3-4F18-B1D1-CACA1A621065}.Debug|x64.Build.0 = Debug|Any CPU
		{4EC8EC04-FEA3-4F18-B1D1-CACA1A621065}.Debug|x86.ActiveCfg = Debug|Any CPU
		{4EC8EC04-FEA3-4F18-B1D1-CACA1A621065}.Debug|x86.Build.0 = Debug|Any CPU
		{4EC8EC04-FEA3-4F18-B1D1-CACA1A621065}.Release|Any CPU.ActiveCfg = Release|Any CPU
		{4EC8EC04-FEA3-4F18-B1D1-CACA1A621065}.Release|Any CPU.Build.0 = Release|Any CPU
		{4EC8EC04-FEA3-4F18-B1D1-CACA1A621065}.Release|x64.ActiveCfg = Release|Any CPU
		{4EC8EC04-FEA3-4F18-B1D1-CACA1A621065}.Release|x64.Build.0 = Release|Any CPU
		{4EC8EC04-FEA3-4F18-B1D1-CACA1A621065}.Release|x86.ActiveCfg = Release|Any CPU
		{4EC8EC04-FEA3-4F18-B1D1-CACA1A621065}.Release|x86.Build.0 = Release|Any CPU
		{904FCEF2-CCB7-4191-BA09-62E9432B5AFE}.Debug|Any CPU.ActiveCfg = Debug|Any CPU
		{904FCEF2-CCB7-4191-BA09-62E9432B5AFE}.Debug|Any CPU.Build.0 = Debug|Any CPU
		{904FCEF2-CCB7-4191-BA09-62E9432B5AFE}.Debug|x64.ActiveCfg = Debug|Any CPU
		{904FCEF2-CCB7-4191-BA09-62E9432B5AFE}.Debug|x64.Build.0 = Debug|Any CPU
		{904FCEF2-CCB7-4191-BA09-62E9432B5AFE}.Debug|x86.ActiveCfg = Debug|Any CPU
		{904FCEF2-CCB7-4191-BA09-62E9432B5AFE}.Debug|x86.Build.0 = Debug|Any CPU
		{904FCEF2-CCB7-4191-BA09-62E9432B5AFE}.Release|Any CPU.ActiveCfg = Release|Any CPU
		{904FCEF2-CCB7-4191-BA09-62E9432B5AFE}.Release|Any CPU.Build.0 = Release|Any CPU
		{904FCEF2-CCB7-4191-BA09-62E9432B5AFE}.Release|x64.ActiveCfg = Release|Any CPU
		{904FCEF2-CCB7-4191-BA09-62E9432B5AFE}.Release|x64.Build.0 = Release|Any CPU
		{904FCEF2-CCB7-4191-BA09-62E9432B5AFE}.Release|x86.ActiveCfg = Release|Any CPU
		{904FCEF2-CCB7-4191-BA09-62E9432B5AFE}.Release|x86.Build.0 = Release|Any CPU
		{18AE7536-518E-4073-B9C2-075DF2C36384}.Debug|Any CPU.ActiveCfg = Debug|Any CPU
		{18AE7536-518E-4073-B9C2-075DF2C36384}.Debug|Any CPU.Build.0 = Debug|Any CPU
		{18AE7536-518E-4073-B9C2-075DF2C36384}.Debug|x64.ActiveCfg = Debug|Any CPU
		{18AE7536-518E-4073-B9C2-075DF2C36384}.Debug|x64.Build.0 = Debug|Any CPU
		{18AE7536-518E-4073-B9C2-075DF2C36384}.Debug|x86.ActiveCfg = Debug|Any CPU
		{18AE7536-518E-4073-B9C2-075DF2C36384}.Debug|x86.Build.0 = Debug|Any CPU
		{18AE7536-518E-4073-B9C2-075DF2C36384}.Release|Any CPU.ActiveCfg = Release|Any CPU
		{18AE7536-518E-4073-B9C2-075DF2C36384}.Release|Any CPU.Build.0 = Release|Any CPU
		{18AE7536-518E-4073-B9C2-075DF2C36384}.Release|x64.ActiveCfg = Release|Any CPU
		{18AE7536-518E-4073-B9C2-075DF2C36384}.Release|x64.Build.0 = Release|Any CPU
		{18AE7536-518E-4073-B9C2-075DF2C36384}.Release|x86.ActiveCfg = Release|Any CPU
		{18AE7536-518E-4073-B9C2-075DF2C36384}.Release|x86.Build.0 = Release|Any CPU
	EndGlobalSection
	GlobalSection(SolutionProperties) = preSolution
		HideSolutionNode = FALSE
	EndGlobalSection
	GlobalSection(NestedProjects) = preSolution
		{1BC08E77-BC74-46A3-A02D-FF8288A6B265} = {DA910F59-A1C0-4EC3-B895-1C629F7C3F2B}
		{18AE7536-518E-4073-B9C2-075DF2C36384} = {DA910F59-A1C0-4EC3-B895-1C629F7C3F2B}
	EndGlobalSection
EndGlobal
